
Microsoft Visual Studio Solution File, Format Version 12.00
# Visual Studio Version 16
VisualStudioVersion = 16.0.31729.503
MinimumVisualStudioVersion = 10.0.40219.1
Project("{FAE04EC0-301F-11D3-BF4B-00C04F79EFBC}") = "DoanLTWD", "DoanLTWD\DoanLTWD.csproj", "{B33E11A3-FA69-4F2A-8DFD-A8F980478649}"
EndProject
Global
	GlobalSection(SolutionConfigurationPlatforms) = preSolution
		Debug|Any CPU = Debug|Any CPU
		Release|Any CPU = Release|Any CPU
	EndGlobalSection
	GlobalSection(ProjectConfigurationPlatforms) = postSolution
		{B33E11A3-FA69-4F2A-8DFD-A8F980478649}.Debug|Any CPU.ActiveCfg = Debug|Any CPU
		{B33E11A3-FA69-4F2A-8DFD-A8F980478649}.Debug|Any CPU.Build.0 = Debug|Any CPU
		{B33E11A3-FA69-4F2A-8DFD-A8F980478649}.Release|Any CPU.ActiveCfg = Release|Any CPU
		{B33E11A3-FA69-4F2A-8DFD-A8F980478649}.Release|Any CPU.Build.0 = Release|Any CPU
	EndGlobalSection
	GlobalSection(SolutionProperties) = preSolution
		HideSolutionNode = FALSE
	EndGlobalSection
	GlobalSection(ExtensibilityGlobals) = postSolution
		SolutionGuid = {FFEEB55B-D945-4B1B-8805-779CDF10CE07}
	EndGlobalSection
EndGlobal
